
Microsoft Visual Studio Solution File, Format Version 12.00
# Visual Studio Version 16
VisualStudioVersion = 16.0.30011.22
MinimumVisualStudioVersion = 10.0.40219.1
Project("{2150E333-8FDC-42A3-9474-1A3956D46DE8}") = "1-Common", "1-Common", "{B763129C-7639-4F64-B642-E8DDF7D9CB0B}"
EndProject
Project("{2150E333-8FDC-42A3-9474-1A3956D46DE8}") = "2-Services", "2-Services", "{9EF4263F-964E-4417-895F-612FB99B8880}"
EndProject
Project("{2150E333-8FDC-42A3-9474-1A3956D46DE8}") = "3-ApiGateway", "3-ApiGateway", "{72FBD819-BACC-46B6-A114-D4E446DB9374}"
EndProject
Project("{2150E333-8FDC-42A3-9474-1A3956D46DE8}") = "4-WebUI", "4-WebUI", "{5C9A2C0E-AEE4-4A69-980D-E752920C89F3}"
EndProject
Project("{FAE04EC0-301F-11D3-BF4B-00C04F79EFBC}") = "MicroShop.Core", "MicroShop.Core\MicroShop.Core.csproj", "{C95854D0-C9A6-42FB-A8E9-29B812A37830}"
EndProject
Project("{FAE04EC0-301F-11D3-BF4B-00C04F79EFBC}") = "MicroShop.Services.Product", "MicroShop.Services.Product\MicroShop.Services.Product.csproj", "{0A9C353B-41DC-4AA2-B41E-3657CEACB04E}"
EndProject
Project("{2150E333-8FDC-42A3-9474-1A3956D46DE8}") = "Product", "Product", "{28946155-AADF-4E16-84E6-F270BE2B9D0E}"
EndProject
Project("{2150E333-8FDC-42A3-9474-1A3956D46DE8}") = "Order", "Order", "{3C866A77-EDE7-4BE3-9F82-1AEFDE30808E}"
EndProject
Project("{FAE04EC0-301F-11D3-BF4B-00C04F79EFBC}") = "MicroShop.Services.Order", "MicroShop.Services.Order\MicroShop.Services.Order.csproj", "{E12F34AC-66EF-483B-8592-A25D2EE473E1}"
EndProject
Project("{2150E333-8FDC-42A3-9474-1A3956D46DE8}") = "Customer", "Customer", "{38937303-7F97-4B13-8D18-4E8F6D6E7B96}"
EndProject
Project("{FAE04EC0-301F-11D3-BF4B-00C04F79EFBC}") = "MicroShop.Services.Customer", "MicroShop.Services.Customer\MicroShop.Services.Customer.csproj", "{FE241675-066B-457D-AA80-B3B41E8B40BF}"
EndProject
Project("{2150E333-8FDC-42A3-9474-1A3956D46DE8}") = "Notification", "Notification", "{3FA223FF-13DD-46B0-9ACA-B06CBD341A88}"
EndProject
Project("{FAE04EC0-301F-11D3-BF4B-00C04F79EFBC}") = "MicroShop.Services.Notification", "MicroShop.Services.Notification\MicroShop.Services.Notification.csproj", "{5E923C45-6B1D-43DC-9634-CE431BCE3494}"
EndProject
Project("{FAE04EC0-301F-11D3-BF4B-00C04F79EFBC}") = "MicroShop.ApiGateway", "MicroShop.ApiGateway\MicroShop.ApiGateway.csproj", "{897BB32A-2242-4DA5-8A6C-BB91B2830D84}"
EndProject
Project("{2150E333-8FDC-42A3-9474-1A3956D46DE8}") = "Basket", "Basket", "{6FC64083-247A-428F-89F7-56D45521C9F7}"
EndProject
Project("{FAE04EC0-301F-11D3-BF4B-00C04F79EFBC}") = "MicroShop.Services.Basket", "MicroShop.Services.Basket\MicroShop.Services.Basket.csproj", "{FBB71CD5-3B7A-4224-BC00-8ED2C10D522E}"
EndProject
Global
	GlobalSection(SolutionConfigurationPlatforms) = preSolution
		Debug|Any CPU = Debug|Any CPU
		Release|Any CPU = Release|Any CPU
	EndGlobalSection
	GlobalSection(ProjectConfigurationPlatforms) = postSolution
		{C95854D0-C9A6-42FB-A8E9-29B812A37830}.Debug|Any CPU.ActiveCfg = Debug|Any CPU
		{C95854D0-C9A6-42FB-A8E9-29B812A37830}.Debug|Any CPU.Build.0 = Debug|Any CPU
		{C95854D0-C9A6-42FB-A8E9-29B812A37830}.Release|Any CPU.ActiveCfg = Release|Any CPU
		{C95854D0-C9A6-42FB-A8E9-29B812A37830}.Release|Any CPU.Build.0 = Release|Any CPU
		{0A9C353B-41DC-4AA2-B41E-3657CEACB04E}.Debug|Any CPU.ActiveCfg = Debug|Any CPU
		{0A9C353B-41DC-4AA2-B41E-3657CEACB04E}.Debug|Any CPU.Build.0 = Debug|Any CPU
		{0A9C353B-41DC-4AA2-B41E-3657CEACB04E}.Release|Any CPU.ActiveCfg = Release|Any CPU
		{0A9C353B-41DC-4AA2-B41E-3657CEACB04E}.Release|Any CPU.Build.0 = Release|Any CPU
		{E12F34AC-66EF-483B-8592-A25D2EE473E1}.Debug|Any CPU.ActiveCfg = Debug|Any CPU
		{E12F34AC-66EF-483B-8592-A25D2EE473E1}.Debug|Any CPU.Build.0 = Debug|Any CPU
		{E12F34AC-66EF-483B-8592-A25D2EE473E1}.Release|Any CPU.ActiveCfg = Release|Any CPU
		{E12F34AC-66EF-483B-8592-A25D2EE473E1}.Release|Any CPU.Build.0 = Release|Any CPU
		{FE241675-066B-457D-AA80-B3B41E8B40BF}.Debug|Any CPU.ActiveCfg = Debug|Any CPU
		{FE241675-066B-457D-AA80-B3B41E8B40BF}.Debug|Any CPU.Build.0 = Debug|Any CPU
		{FE241675-066B-457D-AA80-B3B41E8B40BF}.Release|Any CPU.ActiveCfg = Release|Any CPU
		{FE241675-066B-457D-AA80-B3B41E8B40BF}.Release|Any CPU.Build.0 = Release|Any CPU
		{5E923C45-6B1D-43DC-9634-CE431BCE3494}.Debug|Any CPU.ActiveCfg = Debug|Any CPU
		{5E923C45-6B1D-43DC-9634-CE431BCE3494}.Debug|Any CPU.Build.0 = Debug|Any CPU
		{5E923C45-6B1D-43DC-9634-CE431BCE3494}.Release|Any CPU.ActiveCfg = Release|Any CPU
		{5E923C45-6B1D-43DC-9634-CE431BCE3494}.Release|Any CPU.Build.0 = Release|Any CPU
		{897BB32A-2242-4DA5-8A6C-BB91B2830D84}.Debug|Any CPU.ActiveCfg = Debug|Any CPU
		{897BB32A-2242-4DA5-8A6C-BB91B2830D84}.Debug|Any CPU.Build.0 = Debug|Any CPU
		{897BB32A-2242-4DA5-8A6C-BB91B2830D84}.Release|Any CPU.ActiveCfg = Release|Any CPU
		{897BB32A-2242-4DA5-8A6C-BB91B2830D84}.Release|Any CPU.Build.0 = Release|Any CPU
		{FBB71CD5-3B7A-4224-BC00-8ED2C10D522E}.Debug|Any CPU.ActiveCfg = Debug|Any CPU
		{FBB71CD5-3B7A-4224-BC00-8ED2C10D522E}.Debug|Any CPU.Build.0 = Debug|Any CPU
		{FBB71CD5-3B7A-4224-BC00-8ED2C10D522E}.Release|Any CPU.ActiveCfg = Release|Any CPU
		{FBB71CD5-3B7A-4224-BC00-8ED2C10D522E}.Release|Any CPU.Build.0 = Release|Any CPU
	EndGlobalSection
	GlobalSection(SolutionProperties) = preSolution
		HideSolutionNode = FALSE
	EndGlobalSection
	GlobalSection(NestedProjects) = preSolution
		{C95854D0-C9A6-42FB-A8E9-29B812A37830} = {B763129C-7639-4F64-B642-E8DDF7D9CB0B}
		{0A9C353B-41DC-4AA2-B41E-3657CEACB04E} = {28946155-AADF-4E16-84E6-F270BE2B9D0E}
		{28946155-AADF-4E16-84E6-F270BE2B9D0E} = {9EF4263F-964E-4417-895F-612FB99B8880}
		{3C866A77-EDE7-4BE3-9F82-1AEFDE30808E} = {9EF4263F-964E-4417-895F-612FB99B8880}
		{E12F34AC-66EF-483B-8592-A25D2EE473E1} = {3C866A77-EDE7-4BE3-9F82-1AEFDE30808E}
		{38937303-7F97-4B13-8D18-4E8F6D6E7B96} = {9EF4263F-964E-4417-895F-612FB99B8880}
		{FE241675-066B-457D-AA80-B3B41E8B40BF} = {38937303-7F97-4B13-8D18-4E8F6D6E7B96}
		{3FA223FF-13DD-46B0-9ACA-B06CBD341A88} = {9EF4263F-964E-4417-895F-612FB99B8880}
		{5E923C45-6B1D-43DC-9634-CE431BCE3494} = {3FA223FF-13DD-46B0-9ACA-B06CBD341A88}
		{897BB32A-2242-4DA5-8A6C-BB91B2830D84} = {72FBD819-BACC-46B6-A114-D4E446DB9374}
		{6FC64083-247A-428F-89F7-56D45521C9F7} = {9EF4263F-964E-4417-895F-612FB99B8880}
		{FBB71CD5-3B7A-4224-BC00-8ED2C10D522E} = {6FC64083-247A-428F-89F7-56D45521C9F7}
	EndGlobalSection
	GlobalSection(ExtensibilityGlobals) = postSolution
		SolutionGuid = {BADCF177-BA38-450A-887F-C348B1841CC3}
	EndGlobalSection
EndGlobal
